// !$*UTF8*$!
{
	archiveVersion = 1;
	classes = {
	};
	objectVersion = 46;
	objects = {

/* Begin PBXBuildFile section */
		2834798D16E177BF003C3B77 /* SimShim.m in Sources */ = {isa = PBXBuildFile; fileRef = 2834798C16E177BF003C3B77 /* SimShim.m */; };
		9190606D19C874CC00C97BA7 /* SwizzleSelector.m in Sources */ = {isa = PBXBuildFile; fileRef = 9190606C19C874CC00C97BA7 /* SwizzleSelector.m */; };
/* End PBXBuildFile section */

/* Begin PBXFileReference section */
		281B9F171662CAF5000DF4AB /* SimShim.dylib */ = {isa = PBXFileReference; explicitFileType = "compiled.mach-o.dylib"; includeInIndex = 0; path = SimShim.dylib; sourceTree = BUILT_PRODUCTS_DIR; };
		281B9F1A1662CAF5000DF4AB /* Cocoa.framework */ = {isa = PBXFileReference; lastKnownFileType = wrapper.framework; name = Cocoa.framework; path = System/Library/Frameworks/Cocoa.framework; sourceTree = SDKROOT; };
		281B9F1D1662CAF5000DF4AB /* AppKit.framework */ = {isa = PBXFileReference; lastKnownFileType = wrapper.framework; name = AppKit.framework; path = System/Library/Frameworks/AppKit.framework; sourceTree = SDKROOT; };
		281B9F1E1662CAF5000DF4AB /* CoreData.framework */ = {isa = PBXFileReference; lastKnownFileType = wrapper.framework; name = CoreData.framework; path = System/Library/Frameworks/CoreData.framework; sourceTree = SDKROOT; };
		281B9F1F1662CAF5000DF4AB /* Foundation.framework */ = {isa = PBXFileReference; lastKnownFileType = wrapper.framework; name = Foundation.framework; path = System/Library/Frameworks/Foundation.framework; sourceTree = SDKROOT; };
		2834798C16E177BF003C3B77 /* SimShim.m */ = {isa = PBXFileReference; fileEncoding = 4; lastKnownFileType = sourcecode.c.objc; path = SimShim.m; sourceTree = "<group>"; };
		9190606C19C874CC00C97BA7 /* SwizzleSelector.m */ = {isa = PBXFileReference; lastKnownFileType = sourcecode.c.objc; path = SwizzleSelector.m; sourceTree = "<group>"; };
/* End PBXFileReference section */

/* Begin PBXFrameworksBuildPhase section */
		281B9F141662CAF5000DF4AB /* Frameworks */ = {
			isa = PBXFrameworksBuildPhase;
			buildActionMask = 2147483647;
			files = (
			);
			runOnlyForDeploymentPostprocessing = 0;
		};
/* End PBXFrameworksBuildPhase section */

/* Begin PBXGroup section */
		281B9F0C1662CAF5000DF4AB = {
			isa = PBXGroup;
			children = (
				2834798B16E177BF003C3B77 /* SimShim */,
				281B9F391662CC13000DF4AB /* Common */,
				281B9F191662CAF5000DF4AB /* Frameworks */,
				281B9F181662CAF5000DF4AB /* Products */,
			);
			sourceTree = "<group>";
		};
		281B9F181662CAF5000DF4AB /* Products */ = {
			isa = PBXGroup;
			children = (
				281B9F171662CAF5000DF4AB /* SimShim.dylib */,
			);
			name = Products;
			sourceTree = "<group>";
		};
		281B9F191662CAF5000DF4AB /* Frameworks */ = {
			isa = PBXGroup;
			children = (
				281B9F1A1662CAF5000DF4AB /* Cocoa.framework */,
				281B9F1C1662CAF5000DF4AB /* Other Frameworks */,
			);
			name = Frameworks;
			sourceTree = "<group>";
		};
		281B9F1C1662CAF5000DF4AB /* Other Frameworks */ = {
			isa = PBXGroup;
			children = (
				281B9F1D1662CAF5000DF4AB /* AppKit.framework */,
				281B9F1E1662CAF5000DF4AB /* CoreData.framework */,
				281B9F1F1662CAF5000DF4AB /* Foundation.framework */,
			);
			name = "Other Frameworks";
			sourceTree = "<group>";
		};
		281B9F391662CC13000DF4AB /* Common */ = {
			isa = PBXGroup;
			children = (
				9190606C19C874CC00C97BA7 /* SwizzleSelector.m */,
			);
			name = Common;
			path = ../Common;
			sourceTree = "<group>";
		};
		2834798B16E177BF003C3B77 /* SimShim */ = {
			isa = PBXGroup;
			children = (
				2834798C16E177BF003C3B77 /* SimShim.m */,
			);
			path = SimShim;
			sourceTree = "<group>";
		};
/* End PBXGroup section */

/* Begin PBXHeadersBuildPhase section */
		281B9F151662CAF5000DF4AB /* Headers */ = {
			isa = PBXHeadersBuildPhase;
			buildActionMask = 2147483647;
			files = (
			);
			runOnlyForDeploymentPostprocessing = 0;
		};
/* End PBXHeadersBuildPhase section */

/* Begin PBXNativeTarget section */
		281B9F161662CAF5000DF4AB /* SimShim */ = {
			isa = PBXNativeTarget;
			buildConfigurationList = 281B9F281662CAF5000DF4AB /* Build configuration list for PBXNativeTarget "SimShim" */;
			buildPhases = (
				281B9F131662CAF5000DF4AB /* Sources */,
				281B9F141662CAF5000DF4AB /* Frameworks */,
				281B9F151662CAF5000DF4AB /* Headers */,
			);
			buildRules = (
			);
			dependencies = (
			);
			name = SimShim;
			productName = Sim64Lib;
			productReference = 281B9F171662CAF5000DF4AB /* SimShim.dylib */;
			productType = "com.apple.product-type.library.dynamic";
		};
/* End PBXNativeTarget section */

/* Begin PBXProject section */
		281B9F0E1662CAF5000DF4AB /* Project object */ = {
			isa = PBXProject;
			attributes = {
				LastUpgradeCheck = 0510;
				ORGANIZATIONNAME = "Fred Potter";
			};
			buildConfigurationList = 281B9F111662CAF5000DF4AB /* Build configuration list for PBXProject "SimShim" */;
			compatibilityVersion = "Xcode 3.2";
			developmentRegion = English;
			hasScannedForEncodings = 0;
			knownRegions = (
				en,
			);
			mainGroup = 281B9F0C1662CAF5000DF4AB;
			productRefGroup = 281B9F181662CAF5000DF4AB /* Products */;
			projectDirPath = "";
			projectRoot = "";
			targets = (
				281B9F161662CAF5000DF4AB /* SimShim */,
			);
		};
/* End PBXProject section */

/* Begin PBXSourcesBuildPhase section */
		281B9F131662CAF5000DF4AB /* Sources */ = {
			isa = PBXSourcesBuildPhase;
			buildActionMask = 2147483647;
			files = (
				9190606D19C874CC00C97BA7 /* SwizzleSelector.m in Sources */,
				2834798D16E177BF003C3B77 /* SimShim.m in Sources */,
			);
			runOnlyForDeploymentPostprocessing = 0;
		};
/* End PBXSourcesBuildPhase section */

/* Begin XCBuildConfiguration section */
		281B9F261662CAF5000DF4AB /* Debug */ = {
			isa = XCBuildConfiguration;
			buildSettings = {
				ALWAYS_SEARCH_USER_PATHS = NO;
				CLANG_CXX_LANGUAGE_STANDARD = "gnu++0x";
				CLANG_CXX_LIBRARY = "libc++";
				CLANG_WARN_EMPTY_BODY = YES;
				CLANG_WARN__DUPLICATE_METHOD_MATCH = YES;
				COPY_PHASE_STRIP = NO;
				GCC_C_LANGUAGE_STANDARD = gnu99;
				GCC_DYNAMIC_NO_PIC = NO;
				GCC_ENABLE_OBJC_EXCEPTIONS = YES;
				GCC_OPTIMIZATION_LEVEL = 0;
				GCC_PREPROCESSOR_DEFINITIONS = (
					"DEBUG=1",
					"$(inherited)",
				);
				GCC_SYMBOLS_PRIVATE_EXTERN = NO;
				GCC_WARN_64_TO_32_BIT_CONVERSION = YES;
				GCC_WARN_ABOUT_RETURN_TYPE = YES;
				GCC_WARN_UNINITIALIZED_AUTOS = YES;
				GCC_WARN_UNUSED_VARIABLE = YES;
			};
			name = Debug;
		};
		281B9F271662CAF5000DF4AB /* Release */ = {
			isa = XCBuildConfiguration;
			buildSettings = {
				ALWAYS_SEARCH_USER_PATHS = NO;
				CLANG_CXX_LANGUAGE_STANDARD = "gnu++0x";
				CLANG_CXX_LIBRARY = "libc++";
				CLANG_WARN_EMPTY_BODY = YES;
				CLANG_WARN__DUPLICATE_METHOD_MATCH = YES;
				COPY_PHASE_STRIP = YES;
				GCC_C_LANGUAGE_STANDARD = gnu99;
				GCC_ENABLE_OBJC_EXCEPTIONS = YES;
				GCC_WARN_64_TO_32_BIT_CONVERSION = YES;
				GCC_WARN_ABOUT_RETURN_TYPE = YES;
				GCC_WARN_UNINITIALIZED_AUTOS = YES;
				GCC_WARN_UNUSED_VARIABLE = YES;
			};
			name = Release;
		};
		281B9F291662CAF5000DF4AB /* Debug */ = {
			isa = XCBuildConfiguration;
			buildSettings = {
				COMBINE_HIDPI_IMAGES = YES;
				DYLIB_COMPATIBILITY_VERSION = 1;
				DYLIB_CURRENT_VERSION = 1;
				GCC_PRECOMPILE_PREFIX_HEADER = YES;
				PRODUCT_NAME = "$(TARGET_NAME)";
			};
			name = Debug;
		};
		281B9F2A1662CAF5000DF4AB /* Release */ = {
			isa = XCBuildConfiguration;
			buildSettings = {
				COMBINE_HIDPI_IMAGES = YES;
				DYLIB_COMPATIBILITY_VERSION = 1;
				DYLIB_CURRENT_VERSION = 1;
				GCC_PRECOMPILE_PREFIX_HEADER = YES;
				PRODUCT_NAME = "$(TARGET_NAME)";
			};
			name = Release;
		};
/* End XCBuildConfiguration section */

/* Begin XCConfigurationList section */
		281B9F111662CAF5000DF4AB /* Build configuration list for PBXProject "SimShim" */ = {
			isa = XCConfigurationList;
			buildConfigurations = (
				281B9F261662CAF5000DF4AB /* Debug */,
				281B9F271662CAF5000DF4AB /* Release */,
			);
			defaultConfigurationIsVisible = 0;
			defaultConfigurationName = Release;
		};
		281B9F281662CAF5000DF4AB /* Build configuration list for PBXNativeTarget "SimShim" */ = {
			isa = XCConfigurationList;
			buildConfigurations = (
				281B9F291662CAF5000DF4AB /* Debug */,
				281B9F2A1662CAF5000DF4AB /* Release */,
			);
			defaultConfigurationIsVisible = 0;
			defaultConfigurationName = Release;
		};
/* End XCConfigurationList section */
	};
	rootObject = 281B9F0E1662CAF5000DF4AB /* Project object */;
}
