// !$*UTF8*$!
{
	archiveVersion = 1;
	classes = {
	};
	objectVersion = 46;
	objects = {

/* Begin PBXBuildFile section */
		2862845116DD5DDE00EE287B /* Foundation.framework in Frameworks */ = {isa = PBXBuildFile; fileRef = 2862845016DD5DDE00EE287B /* Foundation.framework */; };
		28D7A49A16DDA3FB00569B9E /* ScriptAgentShim.m in Sources */ = {isa = PBXBuildFile; fileRef = 28D7A49916DDA3FB00569B9E /* ScriptAgentShim.m */; };
		9190606A19C8747100C97BA7 /* SwizzleSelector.m in Sources */ = {isa = PBXBuildFile; fileRef = 9190606919C8747100C97BA7 /* SwizzleSelector.m */; };
/* End PBXBuildFile section */

/* Begin PBXFileReference section */
		286283D816DD198400EE287B /* ScriptAgentShim.dylib */ = {isa = PBXFileReference; explicitFileType = "compiled.mach-o.dylib"; includeInIndex = 0; path = ScriptAgentShim.dylib; sourceTree = BUILT_PRODUCTS_DIR; };
		286283DE16DD198400EE287B /* AppKit.framework */ = {isa = PBXFileReference; lastKnownFileType = wrapper.framework; name = AppKit.framework; path = System/Library/Frameworks/AppKit.framework; sourceTree = SDKROOT; };
		286283DF16DD198400EE287B /* CoreData.framework */ = {isa = PBXFileReference; lastKnownFileType = wrapper.framework; name = CoreData.framework; path = System/Library/Frameworks/CoreData.framework; sourceTree = SDKROOT; };
		286283E016DD198400EE287B /* Foundation.framework */ = {isa = PBXFileReference; lastKnownFileType = wrapper.framework; name = Foundation.framework; path = System/Library/Frameworks/Foundation.framework; sourceTree = SDKROOT; };
		2862845016DD5DDE00EE287B /* Foundation.framework */ = {isa = PBXFileReference; lastKnownFileType = wrapper.framework; name = Foundation.framework; path = System/Library/Frameworks/Foundation.framework; sourceTree = SDKROOT; };
		28D7A49916DDA3FB00569B9E /* ScriptAgentShim.m */ = {isa = PBXFileReference; fileEncoding = 4; lastKnownFileType = sourcecode.c.objc; path = ScriptAgentShim.m; sourceTree = "<group>"; };
		9190606919C8747100C97BA7 /* SwizzleSelector.m */ = {isa = PBXFileReference; lastKnownFileType = sourcecode.c.objc; name = SwizzleSelector.m; path = ../Common/SwizzleSelector.m; sourceTree = "<group>"; };
		91C5FD5A199F8D3E007DA8CD /* ScriptProcessor.framework */ = {isa = PBXFileReference; lastKnownFileType = wrapper.framework; name = ScriptProcessor.framework; path = Platforms/iPhoneSimulator.platform/Developer/SDKs/iPhoneSimulator8.0.sdk/Developer/Library/PrivateFrameworks/ScriptProcessor.framework; sourceTree = DEVELOPER_DIR; };
/* End PBXFileReference section */

/* Begin PBXFrameworksBuildPhase section */
		286283D516DD198400EE287B /* Frameworks */ = {
			isa = PBXFrameworksBuildPhase;
			buildActionMask = 2147483647;
			files = (
				2862845116DD5DDE00EE287B /* Foundation.framework in Frameworks */,
			);
			runOnlyForDeploymentPostprocessing = 0;
		};
/* End PBXFrameworksBuildPhase section */

/* Begin PBXGroup section */
		286283CF16DD198400EE287B = {
			isa = PBXGroup;
			children = (
				9190606B19C8748200C97BA7 /* Common */,
				28D7A49816DDA3FB00569B9E /* ScriptAgentShim */,
				286283DA16DD198400EE287B /* Frameworks */,
				286283D916DD198400EE287B /* Products */,
			);
			sourceTree = "<group>";
		};
		286283D916DD198400EE287B /* Products */ = {
			isa = PBXGroup;
			children = (
				286283D816DD198400EE287B /* ScriptAgentShim.dylib */,
			);
			name = Products;
			sourceTree = "<group>";
		};
		286283DA16DD198400EE287B /* Frameworks */ = {
			isa = PBXGroup;
			children = (
				91C5FD5A199F8D3E007DA8CD /* ScriptProcessor.framework */,
				2862845016DD5DDE00EE287B /* Foundation.framework */,
				286283DD16DD198400EE287B /* Other Frameworks */,
			);
			name = Frameworks;
			sourceTree = "<group>";
		};
		286283DD16DD198400EE287B /* Other Frameworks */ = {
			isa = PBXGroup;
			children = (
				286283DE16DD198400EE287B /* AppKit.framework */,
				286283DF16DD198400EE287B /* CoreData.framework */,
				286283E016DD198400EE287B /* Foundation.framework */,
			);
			name = "Other Frameworks";
			sourceTree = "<group>";
		};
		28D7A49816DDA3FB00569B9E /* ScriptAgentShim */ = {
			isa = PBXGroup;
			children = (
				28D7A49916DDA3FB00569B9E /* ScriptAgentShim.m */,
			);
			path = ScriptAgentShim;
			sourceTree = "<group>";
		};
		9190606B19C8748200C97BA7 /* Common */ = {
			isa = PBXGroup;
			children = (
				9190606919C8747100C97BA7 /* SwizzleSelector.m */,
			);
			name = Common;
			sourceTree = "<group>";
		};
/* End PBXGroup section */

/* Begin PBXHeadersBuildPhase section */
		286283D616DD198400EE287B /* Headers */ = {
			isa = PBXHeadersBuildPhase;
			buildActionMask = 2147483647;
			files = (
			);
			runOnlyForDeploymentPostprocessing = 0;
		};
/* End PBXHeadersBuildPhase section */

/* Begin PBXNativeTarget section */
		286283D716DD198400EE287B /* ScriptAgentShim */ = {
			isa = PBXNativeTarget;
			buildConfigurationList = 286283E916DD198400EE287B /* Build configuration list for PBXNativeTarget "ScriptAgentShim" */;
			buildPhases = (
				286283D416DD198400EE287B /* Sources */,
				286283D516DD198400EE287B /* Frameworks */,
				286283D616DD198400EE287B /* Headers */,
			);
			buildRules = (
			);
			dependencies = (
			);
			name = ScriptAgentShim;
			productName = ScriptAgentShim;
			productReference = 286283D816DD198400EE287B /* ScriptAgentShim.dylib */;
			productType = "com.apple.product-type.library.dynamic";
		};
/* End PBXNativeTarget section */

/* Begin PBXProject section */
		286283D016DD198400EE287B /* Project object */ = {
			isa = PBXProject;
			attributes = {
				LastUpgradeCheck = 0460;
				ORGANIZATIONNAME = "Fred Potter";
			};
			buildConfigurationList = 286283D316DD198400EE287B /* Build configuration list for PBXProject "ScriptAgentShim" */;
			compatibilityVersion = "Xcode 3.2";
			developmentRegion = English;
			hasScannedForEncodings = 0;
			knownRegions = (
				en,
			);
			mainGroup = 286283CF16DD198400EE287B;
			productRefGroup = 286283D916DD198400EE287B /* Products */;
			projectDirPath = "";
			projectRoot = "";
			targets = (
				286283D716DD198400EE287B /* ScriptAgentShim */,
			);
		};
/* End PBXProject section */

/* Begin PBXSourcesBuildPhase section */
		286283D416DD198400EE287B /* Sources */ = {
			isa = PBXSourcesBuildPhase;
			buildActionMask = 2147483647;
			files = (
				9190606A19C8747100C97BA7 /* SwizzleSelector.m in Sources */,
				28D7A49A16DDA3FB00569B9E /* ScriptAgentShim.m in Sources */,
			);
			runOnlyForDeploymentPostprocessing = 0;
		};
/* End PBXSourcesBuildPhase section */

/* Begin XCBuildConfiguration section */
		286283E716DD198400EE287B /* Debug */ = {
			isa = XCBuildConfiguration;
			buildSettings = {
				ALWAYS_SEARCH_USER_PATHS = NO;
				ARCHS = "$(ARCHS_STANDARD_32_64_BIT)";
				CLANG_CXX_LANGUAGE_STANDARD = "gnu++0x";
				CLANG_CXX_LIBRARY = "libc++";
				CLANG_WARN_CONSTANT_CONVERSION = YES;
				CLANG_WARN_EMPTY_BODY = YES;
				CLANG_WARN_ENUM_CONVERSION = YES;
				CLANG_WARN_INT_CONVERSION = YES;
				CLANG_WARN__DUPLICATE_METHOD_MATCH = YES;
				COPY_PHASE_STRIP = NO;
				GCC_C_LANGUAGE_STANDARD = gnu99;
				GCC_DYNAMIC_NO_PIC = NO;
				GCC_ENABLE_OBJC_EXCEPTIONS = YES;
				GCC_OPTIMIZATION_LEVEL = 0;
				GCC_PREPROCESSOR_DEFINITIONS = (
					"DEBUG=1",
					"$(inherited)",
				);
				GCC_SYMBOLS_PRIVATE_EXTERN = NO;
				GCC_WARN_64_TO_32_BIT_CONVERSION = YES;
				GCC_WARN_ABOUT_RETURN_TYPE = YES;
				GCC_WARN_UNINITIALIZED_AUTOS = YES;
				GCC_WARN_UNUSED_VARIABLE = YES;
				MACOSX_DEPLOYMENT_TARGET = 10.8;
				ONLY_ACTIVE_ARCH = NO;
			};
			name = Debug;
		};
		286283E816DD198400EE287B /* Release */ = {
			isa = XCBuildConfiguration;
			buildSettings = {
				ALWAYS_SEARCH_USER_PATHS = NO;
				ARCHS = "$(ARCHS_STANDARD_32_64_BIT)";
				CLANG_CXX_LANGUAGE_STANDARD = "gnu++0x";
				CLANG_CXX_LIBRARY = "libc++";
				CLANG_WARN_CONSTANT_CONVERSION = YES;
				CLANG_WARN_EMPTY_BODY = YES;
				CLANG_WARN_ENUM_CONVERSION = YES;
				CLANG_WARN_INT_CONVERSION = YES;
				CLANG_WARN__DUPLICATE_METHOD_MATCH = YES;
				COPY_PHASE_STRIP = YES;
				DEBUG_INFORMATION_FORMAT = "dwarf-with-dsym";
				GCC_C_LANGUAGE_STANDARD = gnu99;
				GCC_ENABLE_OBJC_EXCEPTIONS = YES;
				GCC_WARN_64_TO_32_BIT_CONVERSION = YES;
				GCC_WARN_ABOUT_RETURN_TYPE = YES;
				GCC_WARN_UNINITIALIZED_AUTOS = YES;
				GCC_WARN_UNUSED_VARIABLE = YES;
				MACOSX_DEPLOYMENT_TARGET = 10.8;
				ONLY_ACTIVE_ARCH = NO;
			};
			name = Release;
		};
		286283EA16DD198400EE287B /* Debug */ = {
			isa = XCBuildConfiguration;
			buildSettings = {
				ARCHS = "$(ARCHS_STANDARD)";
				CODE_SIGN_IDENTITY = "iPhone Developer";
				DYLIB_COMPATIBILITY_VERSION = 1;
				DYLIB_CURRENT_VERSION = 1;
				FRAMEWORK_SEARCH_PATHS = (
					"$(inherited)",
					"$(DEVELOPER_DIR)/Platforms/iPhoneSimulator.platform/Developer/SDKs/iPhoneSimulator8.0.sdk/Developer/Library/PrivateFrameworks",
				);
				GCC_PRECOMPILE_PREFIX_HEADER = YES;
				ONLY_ACTIVE_ARCH = YES;
				PRODUCT_NAME = ScriptAgentShim;
				SDKROOT = iphoneos;
			};
			name = Debug;
		};
		286283EB16DD198400EE287B /* Release */ = {
			isa = XCBuildConfiguration;
			buildSettings = {
				ARCHS = "$(ARCHS_STANDARD)";
				CODE_SIGN_IDENTITY = "iPhone Developer";
				DYLIB_COMPATIBILITY_VERSION = 1;
				DYLIB_CURRENT_VERSION = 1;
				FRAMEWORK_SEARCH_PATHS = (
					"$(inherited)",
					"$(DEVELOPER_DIR)/Platforms/iPhoneSimulator.platform/Developer/SDKs/iPhoneSimulator8.0.sdk/Developer/Library/PrivateFrameworks",
				);
				GCC_PRECOMPILE_PREFIX_HEADER = YES;
				PRODUCT_NAME = ScriptAgentShim;
				SDKROOT = iphoneos;
			};
			name = Release;
		};
/* End XCBuildConfiguration section */

/* Begin XCConfigurationList section */
		286283D316DD198400EE287B /* Build configuration list for PBXProject "ScriptAgentShim" */ = {
			isa = XCConfigurationList;
			buildConfigurations = (
				286283E716DD198400EE287B /* Debug */,
				286283E816DD198400EE287B /* Release */,
			);
			defaultConfigurationIsVisible = 0;
			defaultConfigurationName = Release;
		};
		286283E916DD198400EE287B /* Build configuration list for PBXNativeTarget "ScriptAgentShim" */ = {
			isa = XCConfigurationList;
			buildConfigurations = (
				286283EA16DD198400EE287B /* Debug */,
				286283EB16DD198400EE287B /* Release */,
			);
			defaultConfigurationIsVisible = 0;
			defaultConfigurationName = Release;
		};
/* End XCConfigurationList section */
	};
	rootObject = 286283D016DD198400EE287B /* Project object */;
}
